{"1.1.0",
[{<<"aten">>,{pkg,<<"aten">>,<<"0.5.0">>},1},
 {<<"cowboy">>,
  {git,"https://github.com/ninenines/cowboy.git",
       {ref,"e0254cdcb002d26a601d087b536d2b7e9be1f1f7"}},
  0},
 {<<"cowlib">>,
  {git,"https://github.com/ninenines/cowlib",
       {ref,"8588724cf91ddbb53b9c35ed665866556b217323"}},
  1},
 {<<"gen_batch_server">>,{pkg,<<"gen_batch_server">>,<<"0.6.0">>},1},
 {<<"hex">>,
  {git,"git://github.com/b/hex",
       {ref,"967f059ea49e45b7d0d82e2e1177ef860f5ec4bd"}},
  0},
 {<<"jiffy">>,
  {git,"https://github.com/davisp/jiffy.git",
       {ref,"ee8b48cb448a999e1fddbb5e2e32e7dfe33acf5c"}},
  0},
 {<<"quickrand">>,
  {git,"https://github.com/okeuday/quickrand.git",
       {ref,"6f3d611c04e1cd734e8287b358f0f458b4f88662"}},
  1},
 {<<"ra">>,{pkg,<<"ra">>,<<"0.9.2">>},0},
 {<<"ranch">>,
  {git,"https://github.com/ninenines/ranch",
       {ref,"3190aef88aea04d6dce8545fe9b4574288903f44"}},
  1},
 {<<"sha3">>,
  {git,"https://github.com/b/sha3.git",
       {ref,"3acde27713f4b028136556e51a95f0146a691f1b"}},
  0},
 {<<"uuid">>,
  {git,"https://github.com/okeuday/uuid.git",
       {ref,"fd20692d4fd6b72db029208dbc0e1a41b35de641"}},
  0}]}.
[
{pkg_hash,[
 {<<"aten">>, <<"E3D625D763B0B077A802D642C37CF8159AB771AA5ACD915E1939195A223D96A7">>},
 {<<"gen_batch_server">>, <<"2F7D3D4BF50A3AFF9CFF2C640593D02C07464452A744309A3AB2071ED335DF01">>},
 {<<"ra">>, <<"CD9F39D9F13C8B359644E61BBA91E24A86AC5F14FB1E1BE0ADAEA1A016C1935A">>}]}
].
