[{<<"cowboy">>,
  {git,"https://github.com/ninenines/cowboy.git",
       {ref,"e0254cdcb002d26a601d087b536d2b7e9be1f1f7"}},
  0},
 {<<"cowlib">>,
  {git,"https://github.com/ninenines/cowlib",
       {ref,"8588724cf91ddbb53b9c35ed665866556b217323"}},
  1},
 {<<"erlang_murmurhash">>,
  {git,"https://github.com/thekvs/erlang-murmurhash.git",
       {ref,"9164bb8c3b7e55272ce7e374521eaa52dce5767e"}},
  0},
 {<<"hex">>,
  {git,"git://github.com/b/hex",
       {ref,"967f059ea49e45b7d0d82e2e1177ef860f5ec4bd"}},
  0},
 {<<"jiffy">>,
  {git,"https://github.com/davisp/jiffy.git",
       {ref,"ee8b48cb448a999e1fddbb5e2e32e7dfe33acf5c"}},
  0},
 {<<"murmur">>,
  {git,"https://github.com/lpgauth/murmur.git",
       {ref,"709445d213514ab1121fb67329dca945ffb11599"}},
  0},
 {<<"ranch">>,
  {git,"https://github.com/ninenines/ranch",
       {ref,"3190aef88aea04d6dce8545fe9b4574288903f44"}},
  1},
 {<<"sha3">>,
  {git,"https://github.com/b/sha3.git",
       {ref,"3acde27713f4b028136556e51a95f0146a691f1b"}},
  0}].
